
Microsoft Visual Studio Solution File, Format Version 12.00
Project("{FAE04EC0-301F-11D3-BF4B-00C04F79EFBC}") = "API", "API\API.csproj", "{7AC284BF-7219-4A54-9C96-53EA61B59908}"
EndProject
Project("{FAE04EC0-301F-11D3-BF4B-00C04F79EFBC}") = "APITests", "APITests\APITests.csproj", "{479279C6-9338-4903-A0F6-14914012CD2D}"
EndProject
Global
	GlobalSection(SolutionConfigurationPlatforms) = preSolution
		Debug|Any CPU = Debug|Any CPU
		Release|Any CPU = Release|Any CPU
	EndGlobalSection
	GlobalSection(ProjectConfigurationPlatforms) = postSolution
		{7AC284BF-7219-4A54-9C96-53EA61B59908}.Debug|Any CPU.ActiveCfg = Debug|Any CPU
		{7AC284BF-7219-4A54-9C96-53EA61B59908}.Debug|Any CPU.Build.0 = Debug|Any CPU
		{7AC284BF-7219-4A54-9C96-53EA61B59908}.Release|Any CPU.ActiveCfg = Release|Any CPU
		{7AC284BF-7219-4A54-9C96-53EA61B59908}.Release|Any CPU.Build.0 = Release|Any CPU
		{479279C6-9338-4903-A0F6-14914012CD2D}.Debug|Any CPU.ActiveCfg = Debug|Any CPU
		{479279C6-9338-4903-A0F6-14914012CD2D}.Debug|Any CPU.Build.0 = Debug|Any CPU
		{479279C6-9338-4903-A0F6-14914012CD2D}.Release|Any CPU.ActiveCfg = Release|Any CPU
		{479279C6-9338-4903-A0F6-14914012CD2D}.Release|Any CPU.Build.0 = Release|Any CPU
	EndGlobalSection
EndGlobal
